
Microsoft Visual Studio Solution File, Format Version 12.00
# Visual Studio Version 17
VisualStudioVersion = 17.5.33530.505
MinimumVisualStudioVersion = 10.0.40219.1
Project("{9A19103F-16F7-4668-BE54-9A1E7A4F7556}") = "ParallelReverseAutoDiff.LstmExample", "ParallelReverseAutoDiff.LstmExample.csproj", "{FE700D16-4907-407B-BC56-83D77D9D062F}"
EndProject
Project("{2150E333-8FDC-42A3-9474-1A3956D46DE8}") = "Solution Items", "Solution Items", "{A8976E03-4575-453F-BB0E-CCC83599860F}"
	ProjectSection(SolutionItems) = preProject
		.editorconfig = .editorconfig
	EndProjectSection
EndProject
Global
	GlobalSection(SolutionConfigurationPlatforms) = preSolution
		Debug|Any CPU = Debug|Any CPU
		Release|Any CPU = Release|Any CPU
	EndGlobalSection
	GlobalSection(ProjectConfigurationPlatforms) = postSolution
		{FE700D16-4907-407B-BC56-83D77D9D062F}.Debug|Any CPU.ActiveCfg = Debug|Any CPU
		{FE700D16-4907-407B-BC56-83D77D9D062F}.Debug|Any CPU.Build.0 = Debug|Any CPU
		{FE700D16-4907-407B-BC56-83D77D9D062F}.Release|Any CPU.ActiveCfg = Release|Any CPU
		{FE700D16-4907-407B-BC56-83D77D9D062F}.Release|Any CPU.Build.0 = Release|Any CPU
	EndGlobalSection
	GlobalSection(SolutionProperties) = preSolution
		HideSolutionNode = FALSE
	EndGlobalSection
	GlobalSection(ExtensibilityGlobals) = postSolution
		SolutionGuid = {12787C53-1CD9-4CF3-967F-D691AFB7A5B6}
	EndGlobalSection
EndGlobal
