
Microsoft Visual Studio Solution File, Format Version 12.00
# Visual Studio Version 17
VisualStudioVersion = 17.5.33627.172
MinimumVisualStudioVersion = 10.0.40219.1
Project("{9A19103F-16F7-4668-BE54-9A1E7A4F7556}") = "ParallelReverseAutoDiff.GnnExample", "ParallelReverseAutoDiff.GnnExample.csproj", "{BE423F63-CD02-424F-8C72-6846711A22A9}"
EndProject
Project("{9A19103F-16F7-4668-BE54-9A1E7A4F7556}") = "ParallelReverseAutoDiff.ChessLibrary", "..\ParallelReverseAutoDiff.ChessLibrary\ParallelReverseAutoDiff.ChessLibrary.csproj", "{BF529089-E266-4AC0-B2F0-972134FBE7FB}"
EndProject
Global
	GlobalSection(SolutionConfigurationPlatforms) = preSolution
		Debug|Any CPU = Debug|Any CPU
		Release|Any CPU = Release|Any CPU
	EndGlobalSection
	GlobalSection(ProjectConfigurationPlatforms) = postSolution
		{BE423F63-CD02-424F-8C72-6846711A22A9}.Debug|Any CPU.ActiveCfg = Debug|Any CPU
		{BE423F63-CD02-424F-8C72-6846711A22A9}.Debug|Any CPU.Build.0 = Debug|Any CPU
		{BE423F63-CD02-424F-8C72-6846711A22A9}.Release|Any CPU.ActiveCfg = Release|Any CPU
		{BE423F63-CD02-424F-8C72-6846711A22A9}.Release|Any CPU.Build.0 = Release|Any CPU
		{BF529089-E266-4AC0-B2F0-972134FBE7FB}.Debug|Any CPU.ActiveCfg = Debug|Any CPU
		{BF529089-E266-4AC0-B2F0-972134FBE7FB}.Debug|Any CPU.Build.0 = Debug|Any CPU
		{BF529089-E266-4AC0-B2F0-972134FBE7FB}.Release|Any CPU.ActiveCfg = Release|Any CPU
		{BF529089-E266-4AC0-B2F0-972134FBE7FB}.Release|Any CPU.Build.0 = Release|Any CPU
	EndGlobalSection
	GlobalSection(SolutionProperties) = preSolution
		HideSolutionNode = FALSE
	EndGlobalSection
	GlobalSection(ExtensibilityGlobals) = postSolution
		SolutionGuid = {E5662364-11E2-4915-94A1-E5C06CCD7127}
	EndGlobalSection
EndGlobal
