
Microsoft Visual Studio Solution File, Format Version 12.00
# Visual Studio Version 17
VisualStudioVersion = 17.7.34031.279
MinimumVisualStudioVersion = 10.0.40219.1
Project("{FAE04EC0-301F-11D3-BF4B-00C04F79EFBC}") = "ParallelReverseAutoDiff.VGruExample", "ParallelReverseAutoDiff.VGruExample.csproj", "{BA8A7474-F92B-40CD-9A4D-0911036BF001}"
EndProject
Global
	GlobalSection(SolutionConfigurationPlatforms) = preSolution
		Debug|Any CPU = Debug|Any CPU
		Release|Any CPU = Release|Any CPU
	EndGlobalSection
	GlobalSection(ProjectConfigurationPlatforms) = postSolution
		{BA8A7474-F92B-40CD-9A4D-0911036BF001}.Debug|Any CPU.ActiveCfg = Debug|Any CPU
		{BA8A7474-F92B-40CD-9A4D-0911036BF001}.Debug|Any CPU.Build.0 = Debug|Any CPU
		{BA8A7474-F92B-40CD-9A4D-0911036BF001}.Release|Any CPU.ActiveCfg = Release|Any CPU
		{BA8A7474-F92B-40CD-9A4D-0911036BF001}.Release|Any CPU.Build.0 = Release|Any CPU
	EndGlobalSection
	GlobalSection(SolutionProperties) = preSolution
		HideSolutionNode = FALSE
	EndGlobalSection
	GlobalSection(ExtensibilityGlobals) = postSolution
		SolutionGuid = {8F9C76AE-D224-4883-8C53-6590F104CB4C}
	EndGlobalSection
EndGlobal
