
Microsoft Visual Studio Solution File, Format Version 12.00
# Visual Studio Version 17
VisualStudioVersion = 17.6.33723.286
MinimumVisualStudioVersion = 10.0.40219.1
Project("{FAE04EC0-301F-11D3-BF4B-00C04F79EFBC}") = "ParallelReverseAutoDiff.FsmnnExample", "ParallelReverseAutoDiff.FsmnnExample.csproj", "{5E8A97D2-87C0-47FA-857F-5D27940A7676}"
EndProject
Global
	GlobalSection(SolutionConfigurationPlatforms) = preSolution
		Debug|Any CPU = Debug|Any CPU
		Release|Any CPU = Release|Any CPU
	EndGlobalSection
	GlobalSection(ProjectConfigurationPlatforms) = postSolution
		{5E8A97D2-87C0-47FA-857F-5D27940A7676}.Debug|Any CPU.ActiveCfg = Debug|Any CPU
		{5E8A97D2-87C0-47FA-857F-5D27940A7676}.Debug|Any CPU.Build.0 = Debug|Any CPU
		{5E8A97D2-87C0-47FA-857F-5D27940A7676}.Release|Any CPU.ActiveCfg = Release|Any CPU
		{5E8A97D2-87C0-47FA-857F-5D27940A7676}.Release|Any CPU.Build.0 = Release|Any CPU
	EndGlobalSection
	GlobalSection(SolutionProperties) = preSolution
		HideSolutionNode = FALSE
	EndGlobalSection
	GlobalSection(ExtensibilityGlobals) = postSolution
		SolutionGuid = {54F9E044-F6EA-4D91-9B8F-514A6E968E9B}
	EndGlobalSection
EndGlobal
