
Microsoft Visual Studio Solution File, Format Version 12.00
# Visual Studio Version 17
VisualStudioVersion = 17.5.33530.505
MinimumVisualStudioVersion = 10.0.40219.1
Project("{FAE04EC0-301F-11D3-BF4B-00C04F79EFBC}") = "ParallelReverseAutoDiff", "ParallelReverseAutoDiff.csproj", "{310B0222-3F12-41EA-A396-A38D1E145A23}"
EndProject
Global
	GlobalSection(SolutionConfigurationPlatforms) = preSolution
		Debug|Any CPU = Debug|Any CPU
		Release|Any CPU = Release|Any CPU
	EndGlobalSection
	GlobalSection(ProjectConfigurationPlatforms) = postSolution
		{310B0222-3F12-41EA-A396-A38D1E145A23}.Debug|Any CPU.ActiveCfg = Debug|Any CPU
		{310B0222-3F12-41EA-A396-A38D1E145A23}.Debug|Any CPU.Build.0 = Debug|Any CPU
		{310B0222-3F12-41EA-A396-A38D1E145A23}.Release|Any CPU.ActiveCfg = Release|Any CPU
		{310B0222-3F12-41EA-A396-A38D1E145A23}.Release|Any CPU.Build.0 = Release|Any CPU
	EndGlobalSection
	GlobalSection(SolutionProperties) = preSolution
		HideSolutionNode = FALSE
	EndGlobalSection
	GlobalSection(ExtensibilityGlobals) = postSolution
		SolutionGuid = {27938689-AEF7-4B95-8C3D-23B142188CF6}
	EndGlobalSection
EndGlobal
