
Microsoft Visual Studio Solution File, Format Version 12.00
# Visual Studio Version 17
VisualStudioVersion = 17.5.33530.505
MinimumVisualStudioVersion = 10.0.40219.1
Project("{FAE04EC0-301F-11D3-BF4B-00C04F79EFBC}") = "ParallelReverseAutoDiff.NestedFeedForwardExample", "ParallelReverseAutoDiff.NestedFeedForwardExample.csproj", "{5E3C55AD-4ECF-4F37-A4CA-0DEF79703785}"
EndProject
Global
	GlobalSection(SolutionConfigurationPlatforms) = preSolution
		Debug|Any CPU = Debug|Any CPU
		Release|Any CPU = Release|Any CPU
	EndGlobalSection
	GlobalSection(ProjectConfigurationPlatforms) = postSolution
		{5E3C55AD-4ECF-4F37-A4CA-0DEF79703785}.Debug|Any CPU.ActiveCfg = Debug|Any CPU
		{5E3C55AD-4ECF-4F37-A4CA-0DEF79703785}.Debug|Any CPU.Build.0 = Debug|Any CPU
		{5E3C55AD-4ECF-4F37-A4CA-0DEF79703785}.Release|Any CPU.ActiveCfg = Release|Any CPU
		{5E3C55AD-4ECF-4F37-A4CA-0DEF79703785}.Release|Any CPU.Build.0 = Release|Any CPU
	EndGlobalSection
	GlobalSection(SolutionProperties) = preSolution
		HideSolutionNode = FALSE
	EndGlobalSection
	GlobalSection(ExtensibilityGlobals) = postSolution
		SolutionGuid = {ECE347A0-09F9-4F4D-B609-1CC21DFB654B}
	EndGlobalSection
EndGlobal
