
Microsoft Visual Studio Solution File, Format Version 12.00
# Visual Studio Version 17
VisualStudioVersion = 17.5.33530.505
MinimumVisualStudioVersion = 10.0.40219.1
Project("{FAE04EC0-301F-11D3-BF4B-00C04F79EFBC}") = "ParallelReverseAutoDiff.ChessLibrary", "ParallelReverseAutoDiff.ChessLibrary.csproj", "{06FFB57B-D8FB-4A88-AF96-06C4E855FCEA}"
EndProject
Global
	GlobalSection(SolutionConfigurationPlatforms) = preSolution
		Debug|Any CPU = Debug|Any CPU
		Release|Any CPU = Release|Any CPU
	EndGlobalSection
	GlobalSection(ProjectConfigurationPlatforms) = postSolution
		{06FFB57B-D8FB-4A88-AF96-06C4E855FCEA}.Debug|Any CPU.ActiveCfg = Debug|Any CPU
		{06FFB57B-D8FB-4A88-AF96-06C4E855FCEA}.Debug|Any CPU.Build.0 = Debug|Any CPU
		{06FFB57B-D8FB-4A88-AF96-06C4E855FCEA}.Release|Any CPU.ActiveCfg = Release|Any CPU
		{06FFB57B-D8FB-4A88-AF96-06C4E855FCEA}.Release|Any CPU.Build.0 = Release|Any CPU
	EndGlobalSection
	GlobalSection(SolutionProperties) = preSolution
		HideSolutionNode = FALSE
	EndGlobalSection
	GlobalSection(ExtensibilityGlobals) = postSolution
		SolutionGuid = {20058A5D-0D4C-48AB-AC67-5C869D728C47}
	EndGlobalSection
EndGlobal
